
Microsoft Visual Studio Solution File, Format Version 12.00
Project("{2150E333-8FDC-42A3-9474-1A3956D46DE8}") = "Day01", "Day01", "{2F795EBD-06B5-4796-97BF-A3842BFA19A0}"
EndProject
Project("{FAE04EC0-301F-11D3-BF4B-00C04F79EFBC}") = "ChallengeOneCS", "Day01\ChallengeOneCS\ChallengeOneCS.csproj", "{A3633564-3E00-4C93-9399-963B21196EB3}"
EndProject
Project("{FAE04EC0-301F-11D3-BF4B-00C04F79EFBC}") = "ChallengeTwoCS", "Day01\ChallengeTwoCS\ChallengeTwoCS\ChallengeTwoCS.csproj", "{FC924018-005E-4184-8A5C-7ADF74F951F3}"
EndProject
Project("{2150E333-8FDC-42A3-9474-1A3956D46DE8}") = "Day02", "Day02", "{51E376BF-6B58-4A4B-AD4A-5029C5DB652E}"
EndProject
Project("{FAE04EC0-301F-11D3-BF4B-00C04F79EFBC}") = "ChallengeOneCS", "Day02\ChallengeOneCS\ChallengeOneCS.csproj", "{37C0ED8F-1D37-41B0-986F-004F0704D49A}"
EndProject
Project("{FAE04EC0-301F-11D3-BF4B-00C04F79EFBC}") = "Day2Part2CS", "Day02\Day2Part2CS\Day2Part2CS.csproj", "{8565C823-FFA0-4AE6-B337-A6A3FA569DE2}"
EndProject
Project("{2150E333-8FDC-42A3-9474-1A3956D46DE8}") = "Day03", "Day03", "{019D5BE1-4399-42D8-BBDD-09583F1EE0D0}"
EndProject
Project("{FAE04EC0-301F-11D3-BF4B-00C04F79EFBC}") = "Day03Part2", "Day03\Day03Part2\Day03Part2.csproj", "{05DE912E-B354-4E77-B5D5-91CD2BB2A3D2}"
EndProject
Project("{FAE04EC0-301F-11D3-BF4B-00C04F79EFBC}") = "Day03Part1", "Day03\Day03Part1\Day03Part1.csproj", "{28D977A4-9B97-4C07-BED2-7AF1C04EE26A}"
EndProject
Project("{2150E333-8FDC-42A3-9474-1A3956D46DE8}") = "Day04", "Day04", "{F2F8D038-AEEB-4E24-9BCB-AED2B45D73C1}"
EndProject
Project("{FAE04EC0-301F-11D3-BF4B-00C04F79EFBC}") = "Day04Part1", "Day04\Day04Part1\Day04Part1.csproj", "{8B1A9DD4-C1AF-4D7A-9788-3E5DBEF196B9}"
EndProject
Project("{FAE04EC0-301F-11D3-BF4B-00C04F79EFBC}") = "Day04Part2", "Day04\Day04Part2\Day04Part2.csproj", "{5AD3AF43-3830-4AE1-AE1E-A6BFCCE1DFF0}"
EndProject
Project("{2150E333-8FDC-42A3-9474-1A3956D46DE8}") = "Day05", "Day05", "{58752A10-E59F-48DC-B4E1-35533713555F}"
EndProject
Project("{FAE04EC0-301F-11D3-BF4B-00C04F79EFBC}") = "Day05Part1", "Day05\Day05Part1\Day05Part1.csproj", "{405CCEB5-765C-4F3F-95CD-F89E4D788D9F}"
EndProject
Global
	GlobalSection(SolutionConfigurationPlatforms) = preSolution
		Debug|Any CPU = Debug|Any CPU
		Release|Any CPU = Release|Any CPU
	EndGlobalSection
	GlobalSection(NestedProjects) = preSolution
		{A3633564-3E00-4C93-9399-963B21196EB3} = {2F795EBD-06B5-4796-97BF-A3842BFA19A0}
		{FC924018-005E-4184-8A5C-7ADF74F951F3} = {2F795EBD-06B5-4796-97BF-A3842BFA19A0}
		{37C0ED8F-1D37-41B0-986F-004F0704D49A} = {51E376BF-6B58-4A4B-AD4A-5029C5DB652E}
		{8565C823-FFA0-4AE6-B337-A6A3FA569DE2} = {51E376BF-6B58-4A4B-AD4A-5029C5DB652E}
		{05DE912E-B354-4E77-B5D5-91CD2BB2A3D2} = {019D5BE1-4399-42D8-BBDD-09583F1EE0D0}
		{28D977A4-9B97-4C07-BED2-7AF1C04EE26A} = {019D5BE1-4399-42D8-BBDD-09583F1EE0D0}
		{8B1A9DD4-C1AF-4D7A-9788-3E5DBEF196B9} = {F2F8D038-AEEB-4E24-9BCB-AED2B45D73C1}
		{5AD3AF43-3830-4AE1-AE1E-A6BFCCE1DFF0} = {F2F8D038-AEEB-4E24-9BCB-AED2B45D73C1}
		{405CCEB5-765C-4F3F-95CD-F89E4D788D9F} = {58752A10-E59F-48DC-B4E1-35533713555F}
	EndGlobalSection
	GlobalSection(ProjectConfigurationPlatforms) = postSolution
		{A3633564-3E00-4C93-9399-963B21196EB3}.Debug|Any CPU.ActiveCfg = Debug|Any CPU
		{A3633564-3E00-4C93-9399-963B21196EB3}.Debug|Any CPU.Build.0 = Debug|Any CPU
		{A3633564-3E00-4C93-9399-963B21196EB3}.Release|Any CPU.ActiveCfg = Release|Any CPU
		{A3633564-3E00-4C93-9399-963B21196EB3}.Release|Any CPU.Build.0 = Release|Any CPU
		{FC924018-005E-4184-8A5C-7ADF74F951F3}.Debug|Any CPU.ActiveCfg = Debug|Any CPU
		{FC924018-005E-4184-8A5C-7ADF74F951F3}.Debug|Any CPU.Build.0 = Debug|Any CPU
		{FC924018-005E-4184-8A5C-7ADF74F951F3}.Release|Any CPU.ActiveCfg = Release|Any CPU
		{FC924018-005E-4184-8A5C-7ADF74F951F3}.Release|Any CPU.Build.0 = Release|Any CPU
		{37C0ED8F-1D37-41B0-986F-004F0704D49A}.Debug|Any CPU.ActiveCfg = Debug|Any CPU
		{37C0ED8F-1D37-41B0-986F-004F0704D49A}.Debug|Any CPU.Build.0 = Debug|Any CPU
		{37C0ED8F-1D37-41B0-986F-004F0704D49A}.Release|Any CPU.ActiveCfg = Release|Any CPU
		{37C0ED8F-1D37-41B0-986F-004F0704D49A}.Release|Any CPU.Build.0 = Release|Any CPU
		{8565C823-FFA0-4AE6-B337-A6A3FA569DE2}.Debug|Any CPU.ActiveCfg = Debug|Any CPU
		{8565C823-FFA0-4AE6-B337-A6A3FA569DE2}.Debug|Any CPU.Build.0 = Debug|Any CPU
		{8565C823-FFA0-4AE6-B337-A6A3FA569DE2}.Release|Any CPU.ActiveCfg = Release|Any CPU
		{8565C823-FFA0-4AE6-B337-A6A3FA569DE2}.Release|Any CPU.Build.0 = Release|Any CPU
		{05DE912E-B354-4E77-B5D5-91CD2BB2A3D2}.Debug|Any CPU.ActiveCfg = Debug|Any CPU
		{05DE912E-B354-4E77-B5D5-91CD2BB2A3D2}.Debug|Any CPU.Build.0 = Debug|Any CPU
		{05DE912E-B354-4E77-B5D5-91CD2BB2A3D2}.Release|Any CPU.ActiveCfg = Release|Any CPU
		{05DE912E-B354-4E77-B5D5-91CD2BB2A3D2}.Release|Any CPU.Build.0 = Release|Any CPU
		{28D977A4-9B97-4C07-BED2-7AF1C04EE26A}.Debug|Any CPU.ActiveCfg = Debug|Any CPU
		{28D977A4-9B97-4C07-BED2-7AF1C04EE26A}.Debug|Any CPU.Build.0 = Debug|Any CPU
		{28D977A4-9B97-4C07-BED2-7AF1C04EE26A}.Release|Any CPU.ActiveCfg = Release|Any CPU
		{28D977A4-9B97-4C07-BED2-7AF1C04EE26A}.Release|Any CPU.Build.0 = Release|Any CPU
		{8B1A9DD4-C1AF-4D7A-9788-3E5DBEF196B9}.Debug|Any CPU.ActiveCfg = Debug|Any CPU
		{8B1A9DD4-C1AF-4D7A-9788-3E5DBEF196B9}.Debug|Any CPU.Build.0 = Debug|Any CPU
		{8B1A9DD4-C1AF-4D7A-9788-3E5DBEF196B9}.Release|Any CPU.ActiveCfg = Release|Any CPU
		{8B1A9DD4-C1AF-4D7A-9788-3E5DBEF196B9}.Release|Any CPU.Build.0 = Release|Any CPU
		{5AD3AF43-3830-4AE1-AE1E-A6BFCCE1DFF0}.Debug|Any CPU.ActiveCfg = Debug|Any CPU
		{5AD3AF43-3830-4AE1-AE1E-A6BFCCE1DFF0}.Debug|Any CPU.Build.0 = Debug|Any CPU
		{5AD3AF43-3830-4AE1-AE1E-A6BFCCE1DFF0}.Release|Any CPU.ActiveCfg = Release|Any CPU
		{5AD3AF43-3830-4AE1-AE1E-A6BFCCE1DFF0}.Release|Any CPU.Build.0 = Release|Any CPU
		{405CCEB5-765C-4F3F-95CD-F89E4D788D9F}.Debug|Any CPU.ActiveCfg = Debug|Any CPU
		{405CCEB5-765C-4F3F-95CD-F89E4D788D9F}.Debug|Any CPU.Build.0 = Debug|Any CPU
		{405CCEB5-765C-4F3F-95CD-F89E4D788D9F}.Release|Any CPU.ActiveCfg = Release|Any CPU
		{405CCEB5-765C-4F3F-95CD-F89E4D788D9F}.Release|Any CPU.Build.0 = Release|Any CPU
	EndGlobalSection
EndGlobal
